{
  "name": "gamma",
  "version": "1.0.0",
  "lockfileVersion": 1,
  "requires": true,
  "dependencies": {
    "angular": {
      "version": "1.7.5",
      "resolved": "https://registry.npmjs.org/angular/-/angular-1.7.5.tgz",
      "integrity": "sha512-760183yxtGzni740IBTieNuWLtPNAoMqvmC0Z62UoU0I3nqk+VJuO3JbQAXOyvo3Oy/ZsdNQwrSTh/B0OQZjNw=="
    },
    "angular-ui-grid": {
      "version": "4.6.6",
      "resolved": "https://registry.npmjs.org/angular-ui-grid/-/angular-ui-grid-4.6.6.tgz",
      "integrity": "sha512-UprjevD+mTggOzpt1EpniNI4zdC8Xl2MFmAuWV+Cba0chWMVqUYuMq4gy1KYwgwZvh3GItiMFmo8ne+b4d00gw==",
      "requires": {
        "angular": "1.7.5"
      }
    }
  }
}
